// !$*UTF8*$!
{
	archiveVersion = 1;
	classes = {
	};
	objectVersion = 56;
	objects = {

/* Begin PBXBuildFile section */
		5833C0BF2B9A131800AC0007 /* testmar7App.swift in Sources */ = {isa = PBXBuildFile; fileRef = 5833C0BE2B9A131800AC0007 /* testmar7App.swift */; };
		5833C0C12B9A131800AC0007 /* ContentView.swift in Sources */ = {isa = PBXBuildFile; fileRef = 5833C0C02B9A131800AC0007 /* ContentView.swift */; };
		5833C0C32B9A131B00AC0007 /* Assets.xcassets in Resources */ = {isa = PBXBuildFile; fileRef = 5833C0C22B9A131B00AC0007 /* Assets.xcassets */; };
		5833C0C62B9A131B00AC0007 /* Preview Assets.xcassets in Resources */ = {isa = PBXBuildFile; fileRef = 5833C0C52B9A131B00AC0007 /* Preview Assets.xcassets */; };
		5833C0D72B9EBF8000AC0007 /* Backup.swift in Sources */ = {isa = PBXBuildFile; fileRef = 5833C0D62B9EBF8000AC0007 /* Backup.swift */; };
		5833C0D92BA0A3AF00AC0007 /* Backup2.swift in Sources */ = {isa = PBXBuildFile; fileRef = 5833C0D82BA0A3AF00AC0007 /* Backup2.swift */; };
		5833C0DB2BA169D400AC0007 /* To-dos.swift in Sources */ = {isa = PBXBuildFile; fileRef = 5833C0DA2BA169D400AC0007 /* To-dos.swift */; };
		5833C0DD2BA169DC00AC0007 /* Events.swift in Sources */ = {isa = PBXBuildFile; fileRef = 5833C0DC2BA169DC00AC0007 /* Events.swift */; };
		5833C0DF2BA16A9200AC0007 /* Calendar.swift in Sources */ = {isa = PBXBuildFile; fileRef = 5833C0DE2BA16A9200AC0007 /* Calendar.swift */; };
		5833C0E12BA16ADE00AC0007 /* Journal.swift in Sources */ = {isa = PBXBuildFile; fileRef = 5833C0E02BA16ADE00AC0007 /* Journal.swift */; };
		5833C0E32BA26BDA00AC0007 /* Settings.swift in Sources */ = {isa = PBXBuildFile; fileRef = 5833C0E22BA26BDA00AC0007 /* Settings.swift */; };
		58A2369D2BA6962A00C9BF4F /* Reminders.swift in Sources */ = {isa = PBXBuildFile; fileRef = 58A2369C2BA6962A00C9BF4F /* Reminders.swift */; };
		58A236A12BA89E9200C9BF4F /* TabsView.swift in Sources */ = {isa = PBXBuildFile; fileRef = 58A236A02BA89E9200C9BF4F /* TabsView.swift */; };
		58A236A32BA89EE600C9BF4F /* New Calendar.swift in Sources */ = {isa = PBXBuildFile; fileRef = 58A236A22BA89EE600C9BF4F /* New Calendar.swift */; };
		58AF3AE92BA91DBA00DF7066 /* NewCalBackup.swift in Sources */ = {isa = PBXBuildFile; fileRef = 58AF3AE82BA91DBA00DF7066 /* NewCalBackup.swift */; };
		58AF3AEB2BAA39E200DF7066 /* Notes.swift in Sources */ = {isa = PBXBuildFile; fileRef = 58AF3AEA2BAA39E200DF7066 /* Notes.swift */; };
		58AF3AF02BAB4AFF00DF7066 /* Timers.swift in Sources */ = {isa = PBXBuildFile; fileRef = 58AF3AEF2BAB4AFF00DF7066 /* Timers.swift */; };
		58AF3B2F2BAFCEBC00DF7066 /* Activities.swift in Sources */ = {isa = PBXBuildFile; fileRef = 58AF3B2E2BAFCEBC00DF7066 /* Activities.swift */; };
		58AF3B312BAFCEC900DF7066 /* ListView.swift in Sources */ = {isa = PBXBuildFile; fileRef = 58AF3B302BAFCEC900DF7066 /* ListView.swift */; };
		58AF3B332BB4D0B400DF7066 /* Stopwatch.swift in Sources */ = {isa = PBXBuildFile; fileRef = 58AF3B322BB4D0B400DF7066 /* Stopwatch.swift */; };
		58AF3B352BB4FB8A00DF7066 /* TodayView.swift in Sources */ = {isa = PBXBuildFile; fileRef = 58AF3B342BB4FB8A00DF7066 /* TodayView.swift */; };
/* End PBXBuildFile section */

/* Begin PBXCopyFilesBuildPhase section */
		58AF3B0D2BAD26AA00DF7066 /* Embed Foundation Extensions */ = {
			isa = PBXCopyFilesBuildPhase;
			buildActionMask = 2147483647;
			dstPath = "";
			dstSubfolderSpec = 13;
			files = (
			);
			name = "Embed Foundation Extensions";
			runOnlyForDeploymentPostprocessing = 0;
		};
/* End PBXCopyFilesBuildPhase section */

/* Begin PBXFileReference section */
		5833C0BB2B9A131800AC0007 /* testmar7.app */ = {isa = PBXFileReference; explicitFileType = wrapper.application; includeInIndex = 0; path = testmar7.app; sourceTree = BUILT_PRODUCTS_DIR; };
		5833C0BE2B9A131800AC0007 /* testmar7App.swift */ = {isa = PBXFileReference; lastKnownFileType = sourcecode.swift; path = testmar7App.swift; sourceTree = "<group>"; };
		5833C0C02B9A131800AC0007 /* ContentView.swift */ = {isa = PBXFileReference; lastKnownFileType = sourcecode.swift; path = ContentView.swift; sourceTree = "<group>"; };
		5833C0C22B9A131B00AC0007 /* Assets.xcassets */ = {isa = PBXFileReference; lastKnownFileType = folder.assetcatalog; path = Assets.xcassets; sourceTree = "<group>"; };
		5833C0C52B9A131B00AC0007 /* Preview Assets.xcassets */ = {isa = PBXFileReference; lastKnownFileType = folder.assetcatalog; path = "Preview Assets.xcassets"; sourceTree = "<group>"; };
		5833C0D62B9EBF8000AC0007 /* Backup.swift */ = {isa = PBXFileReference; lastKnownFileType = sourcecode.swift; path = Backup.swift; sourceTree = "<group>"; };
		5833C0D82BA0A3AF00AC0007 /* Backup2.swift */ = {isa = PBXFileReference; lastKnownFileType = sourcecode.swift; path = Backup2.swift; sourceTree = "<group>"; };
		5833C0DA2BA169D400AC0007 /* To-dos.swift */ = {isa = PBXFileReference; lastKnownFileType = sourcecode.swift; path = "To-dos.swift"; sourceTree = "<group>"; };
		5833C0DC2BA169DC00AC0007 /* Events.swift */ = {isa = PBXFileReference; lastKnownFileType = sourcecode.swift; path = Events.swift; sourceTree = "<group>"; };
		5833C0DE2BA16A9200AC0007 /* Calendar.swift */ = {isa = PBXFileReference; lastKnownFileType = sourcecode.swift; path = Calendar.swift; sourceTree = "<group>"; };
		5833C0E02BA16ADE00AC0007 /* Journal.swift */ = {isa = PBXFileReference; lastKnownFileType = sourcecode.swift; path = Journal.swift; sourceTree = "<group>"; };
		5833C0E22BA26BDA00AC0007 /* Settings.swift */ = {isa = PBXFileReference; lastKnownFileType = sourcecode.swift; path = Settings.swift; sourceTree = "<group>"; };
		58A2369C2BA6962A00C9BF4F /* Reminders.swift */ = {isa = PBXFileReference; lastKnownFileType = sourcecode.swift; path = Reminders.swift; sourceTree = "<group>"; };
		58A236A02BA89E9200C9BF4F /* TabsView.swift */ = {isa = PBXFileReference; lastKnownFileType = sourcecode.swift; path = TabsView.swift; sourceTree = "<group>"; };
		58A236A22BA89EE600C9BF4F /* New Calendar.swift */ = {isa = PBXFileReference; lastKnownFileType = sourcecode.swift; path = "New Calendar.swift"; sourceTree = "<group>"; };
		58AF3AE82BA91DBA00DF7066 /* NewCalBackup.swift */ = {isa = PBXFileReference; lastKnownFileType = sourcecode.swift; path = NewCalBackup.swift; sourceTree = "<group>"; };
		58AF3AEA2BAA39E200DF7066 /* Notes.swift */ = {isa = PBXFileReference; lastKnownFileType = sourcecode.swift; path = Notes.swift; sourceTree = "<group>"; };
		58AF3AEF2BAB4AFF00DF7066 /* Timers.swift */ = {isa = PBXFileReference; lastKnownFileType = sourcecode.swift; path = Timers.swift; sourceTree = "<group>"; };
		58AF3B182BAD401600DF7066 /* WidgetKit.framework */ = {isa = PBXFileReference; lastKnownFileType = wrapper.framework; name = WidgetKit.framework; path = System/Library/Frameworks/WidgetKit.framework; sourceTree = SDKROOT; };
		58AF3B1A2BAD401600DF7066 /* SwiftUI.framework */ = {isa = PBXFileReference; lastKnownFileType = wrapper.framework; name = SwiftUI.framework; path = System/Library/Frameworks/SwiftUI.framework; sourceTree = SDKROOT; };
		58AF3B2E2BAFCEBC00DF7066 /* Activities.swift */ = {isa = PBXFileReference; lastKnownFileType = sourcecode.swift; path = Activities.swift; sourceTree = "<group>"; };
		58AF3B302BAFCEC900DF7066 /* ListView.swift */ = {isa = PBXFileReference; lastKnownFileType = sourcecode.swift; path = ListView.swift; sourceTree = "<group>"; };
		58AF3B322BB4D0B400DF7066 /* Stopwatch.swift */ = {isa = PBXFileReference; lastKnownFileType = sourcecode.swift; path = Stopwatch.swift; sourceTree = "<group>"; };
		58AF3B342BB4FB8A00DF7066 /* TodayView.swift */ = {isa = PBXFileReference; lastKnownFileType = sourcecode.swift; path = TodayView.swift; sourceTree = "<group>"; };
/* End PBXFileReference section */

/* Begin PBXFrameworksBuildPhase section */
		5833C0B82B9A131800AC0007 /* Frameworks */ = {
			isa = PBXFrameworksBuildPhase;
			buildActionMask = 2147483647;
			files = (
			);
			runOnlyForDeploymentPostprocessing = 0;
		};
/* End PBXFrameworksBuildPhase section */

/* Begin PBXGroup section */
		5833C0B22B9A131800AC0007 = {
			isa = PBXGroup;
			children = (
				5833C0BD2B9A131800AC0007 /* testmar7 */,
				58AF3B172BAD401600DF7066 /* Frameworks */,
				5833C0BC2B9A131800AC0007 /* Products */,
			);
			sourceTree = "<group>";
		};
		5833C0BC2B9A131800AC0007 /* Products */ = {
			isa = PBXGroup;
			children = (
				5833C0BB2B9A131800AC0007 /* testmar7.app */,
			);
			name = Products;
			sourceTree = "<group>";
		};
		5833C0BD2B9A131800AC0007 /* testmar7 */ = {
			isa = PBXGroup;
			children = (
				58AF3AEA2BAA39E200DF7066 /* Notes.swift */,
				58A236A22BA89EE600C9BF4F /* New Calendar.swift */,
				58A2369F2BA89E4100C9BF4F /* Not in use */,
				5833C0BE2B9A131800AC0007 /* testmar7App.swift */,
				5833C0C02B9A131800AC0007 /* ContentView.swift */,
				5833C0C22B9A131B00AC0007 /* Assets.xcassets */,
				5833C0C42B9A131B00AC0007 /* Preview Content */,
				5833C0E02BA16ADE00AC0007 /* Journal.swift */,
				5833C0E22BA26BDA00AC0007 /* Settings.swift */,
				58A2369C2BA6962A00C9BF4F /* Reminders.swift */,
				58AF3B2E2BAFCEBC00DF7066 /* Activities.swift */,
				58AF3B302BAFCEC900DF7066 /* ListView.swift */,
				58AF3AEF2BAB4AFF00DF7066 /* Timers.swift */,
				58AF3B322BB4D0B400DF7066 /* Stopwatch.swift */,
				58AF3B342BB4FB8A00DF7066 /* TodayView.swift */,
			);
			path = testmar7;
			sourceTree = "<group>";
		};
		5833C0C42B9A131B00AC0007 /* Preview Content */ = {
			isa = PBXGroup;
			children = (
				5833C0C52B9A131B00AC0007 /* Preview Assets.xcassets */,
			);
			path = "Preview Content";
			sourceTree = "<group>";
		};
		58A2369F2BA89E4100C9BF4F /* Not in use */ = {
			isa = PBXGroup;
			children = (
				58A236A02BA89E9200C9BF4F /* TabsView.swift */,
				5833C0DA2BA169D400AC0007 /* To-dos.swift */,
				5833C0DC2BA169DC00AC0007 /* Events.swift */,
				5833C0DE2BA16A9200AC0007 /* Calendar.swift */,
				5833C0D62B9EBF8000AC0007 /* Backup.swift */,
				5833C0D82BA0A3AF00AC0007 /* Backup2.swift */,
				58AF3AE82BA91DBA00DF7066 /* NewCalBackup.swift */,
			);
			path = "Not in use";
			sourceTree = "<group>";
		};
		58AF3B172BAD401600DF7066 /* Frameworks */ = {
			isa = PBXGroup;
			children = (
				58AF3B182BAD401600DF7066 /* WidgetKit.framework */,
				58AF3B1A2BAD401600DF7066 /* SwiftUI.framework */,
			);
			name = Frameworks;
			sourceTree = "<group>";
		};
/* End PBXGroup section */

/* Begin PBXNativeTarget section */
		5833C0BA2B9A131800AC0007 /* testmar7 */ = {
			isa = PBXNativeTarget;
			buildConfigurationList = 5833C0C92B9A131B00AC0007 /* Build configuration list for PBXNativeTarget "testmar7" */;
			buildPhases = (
				5833C0B72B9A131800AC0007 /* Sources */,
				5833C0B82B9A131800AC0007 /* Frameworks */,
				5833C0B92B9A131800AC0007 /* Resources */,
				58AF3B0D2BAD26AA00DF7066 /* Embed Foundation Extensions */,
			);
			buildRules = (
			);
			dependencies = (
			);
			name = testmar7;
			productName = testmar7;
			productReference = 5833C0BB2B9A131800AC0007 /* testmar7.app */;
			productType = "com.apple.product-type.application";
		};
/* End PBXNativeTarget section */

/* Begin PBXProject section */
		5833C0B32B9A131800AC0007 /* Project object */ = {
			isa = PBXProject;
			attributes = {
				BuildIndependentTargetsInParallel = 1;
				LastSwiftUpdateCheck = 1530;
				LastUpgradeCheck = 1530;
				TargetAttributes = {
					5833C0BA2B9A131800AC0007 = {
						CreatedOnToolsVersion = 15.3;
					};
				};
			};
			buildConfigurationList = 5833C0B62B9A131800AC0007 /* Build configuration list for PBXProject "testmar7" */;
			compatibilityVersion = "Xcode 14.0";
			developmentRegion = en;
			hasScannedForEncodings = 0;
			knownRegions = (
				en,
				Base,
			);
			mainGroup = 5833C0B22B9A131800AC0007;
			productRefGroup = 5833C0BC2B9A131800AC0007 /* Products */;
			projectDirPath = "";
			projectRoot = "";
			targets = (
				5833C0BA2B9A131800AC0007 /* testmar7 */,
			);
		};
/* End PBXProject section */

/* Begin PBXResourcesBuildPhase section */
		5833C0B92B9A131800AC0007 /* Resources */ = {
			isa = PBXResourcesBuildPhase;
			buildActionMask = 2147483647;
			files = (
				5833C0C62B9A131B00AC0007 /* Preview Assets.xcassets in Resources */,
				5833C0C32B9A131B00AC0007 /* Assets.xcassets in Resources */,
			);
			runOnlyForDeploymentPostprocessing = 0;
		};
/* End PBXResourcesBuildPhase section */

/* Begin PBXSourcesBuildPhase section */
		5833C0B72B9A131800AC0007 /* Sources */ = {
			isa = PBXSourcesBuildPhase;
			buildActionMask = 2147483647;
			files = (
				58AF3B2F2BAFCEBC00DF7066 /* Activities.swift in Sources */,
				5833C0DD2BA169DC00AC0007 /* Events.swift in Sources */,
				58AF3AEB2BAA39E200DF7066 /* Notes.swift in Sources */,
				58AF3B312BAFCEC900DF7066 /* ListView.swift in Sources */,
				5833C0DB2BA169D400AC0007 /* To-dos.swift in Sources */,
				5833C0D92BA0A3AF00AC0007 /* Backup2.swift in Sources */,
				58AF3AF02BAB4AFF00DF7066 /* Timers.swift in Sources */,
				5833C0E12BA16ADE00AC0007 /* Journal.swift in Sources */,
				58AF3B352BB4FB8A00DF7066 /* TodayView.swift in Sources */,
				58A236A12BA89E9200C9BF4F /* TabsView.swift in Sources */,
				58A236A32BA89EE600C9BF4F /* New Calendar.swift in Sources */,
				5833C0C12B9A131800AC0007 /* ContentView.swift in Sources */,
				58A2369D2BA6962A00C9BF4F /* Reminders.swift in Sources */,
				5833C0D72B9EBF8000AC0007 /* Backup.swift in Sources */,
				58AF3B332BB4D0B400DF7066 /* Stopwatch.swift in Sources */,
				5833C0E32BA26BDA00AC0007 /* Settings.swift in Sources */,
				5833C0BF2B9A131800AC0007 /* testmar7App.swift in Sources */,
				5833C0DF2BA16A9200AC0007 /* Calendar.swift in Sources */,
				58AF3AE92BA91DBA00DF7066 /* NewCalBackup.swift in Sources */,
			);
			runOnlyForDeploymentPostprocessing = 0;
		};
/* End PBXSourcesBuildPhase section */

/* Begin XCBuildConfiguration section */
		5833C0C72B9A131B00AC0007 /* Debug */ = {
			isa = XCBuildConfiguration;
			buildSettings = {
				ALWAYS_SEARCH_USER_PATHS = NO;
				ASSETCATALOG_COMPILER_GENERATE_SWIFT_ASSET_SYMBOL_EXTENSIONS = YES;
				CLANG_ANALYZER_NONNULL = YES;
				CLANG_ANALYZER_NUMBER_OBJECT_CONVERSION = YES_AGGRESSIVE;
				CLANG_CXX_LANGUAGE_STANDARD = "gnu++20";
				CLANG_ENABLE_MODULES = YES;
				CLANG_ENABLE_OBJC_ARC = YES;
				CLANG_ENABLE_OBJC_WEAK = YES;
				CLANG_WARN_BLOCK_CAPTURE_AUTORELEASING = YES;
				CLANG_WARN_BOOL_CONVERSION = YES;
				CLANG_WARN_COMMA = YES;
				CLANG_WARN_CONSTANT_CONVERSION = YES;
				CLANG_WARN_DEPRECATED_OBJC_IMPLEMENTATIONS = YES;
				CLANG_WARN_DIRECT_OBJC_ISA_USAGE = YES_ERROR;
				CLANG_WARN_DOCUMENTATION_COMMENTS = YES;
				CLANG_WARN_EMPTY_BODY = YES;
				CLANG_WARN_ENUM_CONVERSION = YES;
				CLANG_WARN_INFINITE_RECURSION = YES;
				CLANG_WARN_INT_CONVERSION = YES;
				CLANG_WARN_NON_LITERAL_NULL_CONVERSION = YES;
				CLANG_WARN_OBJC_IMPLICIT_RETAIN_SELF = YES;
				CLANG_WARN_OBJC_LITERAL_CONVERSION = YES;
				CLANG_WARN_OBJC_ROOT_CLASS = YES_ERROR;
				CLANG_WARN_QUOTED_INCLUDE_IN_FRAMEWORK_HEADER = YES;
				CLANG_WARN_RANGE_LOOP_ANALYSIS = YES;
				CLANG_WARN_STRICT_PROTOTYPES = YES;
				CLANG_WARN_SUSPICIOUS_MOVE = YES;
				CLANG_WARN_UNGUARDED_AVAILABILITY = YES_AGGRESSIVE;
				CLANG_WARN_UNREACHABLE_CODE = YES;
				CLANG_WARN__DUPLICATE_METHOD_MATCH = YES;
				COPY_PHASE_STRIP = NO;
				DEBUG_INFORMATION_FORMAT = dwarf;
				ENABLE_STRICT_OBJC_MSGSEND = YES;
				ENABLE_TESTABILITY = YES;
				ENABLE_USER_SCRIPT_SANDBOXING = YES;
				GCC_C_LANGUAGE_STANDARD = gnu17;
				GCC_DYNAMIC_NO_PIC = NO;
				GCC_NO_COMMON_BLOCKS = YES;
				GCC_OPTIMIZATION_LEVEL = 0;
				GCC_PREPROCESSOR_DEFINITIONS = (
					"DEBUG=1",
					"$(inherited)",
				);
				GCC_WARN_64_TO_32_BIT_CONVERSION = YES;
				GCC_WARN_ABOUT_RETURN_TYPE = YES_ERROR;
				GCC_WARN_UNDECLARED_SELECTOR = YES;
				GCC_WARN_UNINITIALIZED_AUTOS = YES_AGGRESSIVE;
				GCC_WARN_UNUSED_FUNCTION = YES;
				GCC_WARN_UNUSED_VARIABLE = YES;
				IPHONEOS_DEPLOYMENT_TARGET = 17.4;
				LOCALIZATION_PREFERS_STRING_CATALOGS = YES;
				MTL_ENABLE_DEBUG_INFO = INCLUDE_SOURCE;
				MTL_FAST_MATH = YES;
				ONLY_ACTIVE_ARCH = YES;
				SDKROOT = iphoneos;
				SWIFT_ACTIVE_COMPILATION_CONDITIONS = "DEBUG $(inherited)";
				SWIFT_OPTIMIZATION_LEVEL = "-Onone";
			};
			name = Debug;
		};
		5833C0C82B9A131B00AC0007 /* Release */ = {
			isa = XCBuildConfiguration;
			buildSettings = {
				ALWAYS_SEARCH_USER_PATHS = NO;
				ASSETCATALOG_COMPILER_GENERATE_SWIFT_ASSET_SYMBOL_EXTENSIONS = YES;
				CLANG_ANALYZER_NONNULL = YES;
				CLANG_ANALYZER_NUMBER_OBJECT_CONVERSION = YES_AGGRESSIVE;
				CLANG_CXX_LANGUAGE_STANDARD = "gnu++20";
				CLANG_ENABLE_MODULES = YES;
				CLANG_ENABLE_OBJC_ARC = YES;
				CLANG_ENABLE_OBJC_WEAK = YES;
				CLANG_WARN_BLOCK_CAPTURE_AUTORELEASING = YES;
				CLANG_WARN_BOOL_CONVERSION = YES;
				CLANG_WARN_COMMA = YES;
				CLANG_WARN_CONSTANT_CONVERSION = YES;
				CLANG_WARN_DEPRECATED_OBJC_IMPLEMENTATIONS = YES;
				CLANG_WARN_DIRECT_OBJC_ISA_USAGE = YES_ERROR;
				CLANG_WARN_DOCUMENTATION_COMMENTS = YES;
				CLANG_WARN_EMPTY_BODY = YES;
				CLANG_WARN_ENUM_CONVERSION = YES;
				CLANG_WARN_INFINITE_RECURSION = YES;
				CLANG_WARN_INT_CONVERSION = YES;
				CLANG_WARN_NON_LITERAL_NULL_CONVERSION = YES;
				CLANG_WARN_OBJC_IMPLICIT_RETAIN_SELF = YES;
				CLANG_WARN_OBJC_LITERAL_CONVERSION = YES;
				CLANG_WARN_OBJC_ROOT_CLASS = YES_ERROR;
				CLANG_WARN_QUOTED_INCLUDE_IN_FRAMEWORK_HEADER = YES;
				CLANG_WARN_RANGE_LOOP_ANALYSIS = YES;
				CLANG_WARN_STRICT_PROTOTYPES = YES;
				CLANG_WARN_SUSPICIOUS_MOVE = YES;
				CLANG_WARN_UNGUARDED_AVAILABILITY = YES_AGGRESSIVE;
				CLANG_WARN_UNREACHABLE_CODE = YES;
				CLANG_WARN__DUPLICATE_METHOD_MATCH = YES;
				COPY_PHASE_STRIP = NO;
				DEBUG_INFORMATION_FORMAT = "dwarf-with-dsym";
				ENABLE_NS_ASSERTIONS = NO;
				ENABLE_STRICT_OBJC_MSGSEND = YES;
				ENABLE_USER_SCRIPT_SANDBOXING = YES;
				GCC_C_LANGUAGE_STANDARD = gnu17;
				GCC_NO_COMMON_BLOCKS = YES;
				GCC_WARN_64_TO_32_BIT_CONVERSION = YES;
				GCC_WARN_ABOUT_RETURN_TYPE = YES_ERROR;
				GCC_WARN_UNDECLARED_SELECTOR = YES;
				GCC_WARN_UNINITIALIZED_AUTOS = YES_AGGRESSIVE;
				GCC_WARN_UNUSED_FUNCTION = YES;
				GCC_WARN_UNUSED_VARIABLE = YES;
				IPHONEOS_DEPLOYMENT_TARGET = 17.4;
				LOCALIZATION_PREFERS_STRING_CATALOGS = YES;
				MTL_ENABLE_DEBUG_INFO = NO;
				MTL_FAST_MATH = YES;
				SDKROOT = iphoneos;
				SWIFT_COMPILATION_MODE = wholemodule;
				VALIDATE_PRODUCT = YES;
			};
			name = Release;
		};
		5833C0CA2B9A131B00AC0007 /* Debug */ = {
			isa = XCBuildConfiguration;
			buildSettings = {
				ALWAYS_EMBED_SWIFT_STANDARD_LIBRARIES = YES;
				ASSETCATALOG_COMPILER_APPICON_NAME = AppIcon;
				ASSETCATALOG_COMPILER_GLOBAL_ACCENT_COLOR_NAME = AccentColor;
				CODE_SIGN_STYLE = Automatic;
				CURRENT_PROJECT_VERSION = 1;
				DEVELOPMENT_ASSET_PATHS = "\"testmar7/Preview Content\"";
				DEVELOPMENT_TEAM = TMN6MFG35F;
				ENABLE_PREVIEWS = YES;
				GENERATE_INFOPLIST_FILE = YES;
				INFOPLIST_KEY_NSFaceIDUsageDescription = "Please authenticate to unlock journal";
				INFOPLIST_KEY_UIApplicationSceneManifest_Generation = YES;
				INFOPLIST_KEY_UIApplicationSupportsIndirectInputEvents = YES;
				INFOPLIST_KEY_UILaunchScreen_Generation = YES;
				INFOPLIST_KEY_UISupportedInterfaceOrientations_iPad = "UIInterfaceOrientationPortrait UIInterfaceOrientationPortraitUpsideDown UIInterfaceOrientationLandscapeLeft UIInterfaceOrientationLandscapeRight";
				INFOPLIST_KEY_UISupportedInterfaceOrientations_iPhone = "UIInterfaceOrientationPortrait UIInterfaceOrientationLandscapeLeft UIInterfaceOrientationLandscapeRight";
				LD_RUNPATH_SEARCH_PATHS = (
					"$(inherited)",
					"@executable_path/Frameworks",
				);
				MARKETING_VERSION = 1.0;
				PRODUCT_BUNDLE_IDENTIFIER = com.riley.testmar7;
				PRODUCT_NAME = "$(TARGET_NAME)";
				SWIFT_EMIT_LOC_STRINGS = YES;
				SWIFT_VERSION = 5.0;
				TARGETED_DEVICE_FAMILY = "1,2";
			};
			name = Debug;
		};
		5833C0CB2B9A131B00AC0007 /* Release */ = {
			isa = XCBuildConfiguration;
			buildSettings = {
				ALWAYS_EMBED_SWIFT_STANDARD_LIBRARIES = YES;
				ASSETCATALOG_COMPILER_APPICON_NAME = AppIcon;
				ASSETCATALOG_COMPILER_GLOBAL_ACCENT_COLOR_NAME = AccentColor;
				CODE_SIGN_STYLE = Automatic;
				CURRENT_PROJECT_VERSION = 1;
				DEVELOPMENT_ASSET_PATHS = "\"testmar7/Preview Content\"";
				DEVELOPMENT_TEAM = TMN6MFG35F;
				ENABLE_PREVIEWS = YES;
				GENERATE_INFOPLIST_FILE = YES;
				INFOPLIST_KEY_NSFaceIDUsageDescription = "Please authenticate to unlock journal";
				INFOPLIST_KEY_UIApplicationSceneManifest_Generation = YES;
				INFOPLIST_KEY_UIApplicationSupportsIndirectInputEvents = YES;
				INFOPLIST_KEY_UILaunchScreen_Generation = YES;
				INFOPLIST_KEY_UISupportedInterfaceOrientations_iPad = "UIInterfaceOrientationPortrait UIInterfaceOrientationPortraitUpsideDown UIInterfaceOrientationLandscapeLeft UIInterfaceOrientationLandscapeRight";
				INFOPLIST_KEY_UISupportedInterfaceOrientations_iPhone = "UIInterfaceOrientationPortrait UIInterfaceOrientationLandscapeLeft UIInterfaceOrientationLandscapeRight";
				LD_RUNPATH_SEARCH_PATHS = (
					"$(inherited)",
					"@executable_path/Frameworks",
				);
				MARKETING_VERSION = 1.0;
				PRODUCT_BUNDLE_IDENTIFIER = com.riley.testmar7;
				PRODUCT_NAME = "$(TARGET_NAME)";
				SWIFT_EMIT_LOC_STRINGS = YES;
				SWIFT_VERSION = 5.0;
				TARGETED_DEVICE_FAMILY = "1,2";
			};
			name = Release;
		};
/* End XCBuildConfiguration section */

/* Begin XCConfigurationList section */
		5833C0B62B9A131800AC0007 /* Build configuration list for PBXProject "testmar7" */ = {
			isa = XCConfigurationList;
			buildConfigurations = (
				5833C0C72B9A131B00AC0007 /* Debug */,
				5833C0C82B9A131B00AC0007 /* Release */,
			);
			defaultConfigurationIsVisible = 0;
			defaultConfigurationName = Release;
		};
		5833C0C92B9A131B00AC0007 /* Build configuration list for PBXNativeTarget "testmar7" */ = {
			isa = XCConfigurationList;
			buildConfigurations = (
				5833C0CA2B9A131B00AC0007 /* Debug */,
				5833C0CB2B9A131B00AC0007 /* Release */,
			);
			defaultConfigurationIsVisible = 0;
			defaultConfigurationName = Release;
		};
/* End XCConfigurationList section */
	};
	rootObject = 5833C0B32B9A131800AC0007 /* Project object */;
}
